lockfileVersion: '9.0'

settings:
  autoInstallPeers: true
  excludeLinksFromLockfile: false

importers:

  .:
    dependencies:
      '@netlify/plugin-nextjs':
        specifier: ^5.15.12
        version: 5.15.12

packages:

  '@netlify/plugin-nextjs@5.15.12':
    resolution: {integrity: sha512-eydPd4gtc/OJOx9IbIJ5CRrC5K3rLxfEQS/S/fRNEAAT0qFvPoQVy23VdK3jRXKFJWXdCRl6ZudWLEZECQPSRQ==}
    engines: {node: '>=18.0.0'}

snapshots:

  '@netlify/plugin-nextjs@5.15.12': {}
